
Microsoft Visual Studio Solution File, Format Version 12.00
# Visual Studio Version 17
VisualStudioVersion = 17.11.35303.130
MinimumVisualStudioVersion = 10.0.40219.1
Project("{2150E333-8FDC-42A3-9474-1A3956D46DE8}") = "Task0", "Task0", "{A553DFEB-D567-4A4B-8006-A09573C37C4F}"
EndProject
Project("{9A19103F-16F7-4668-BE54-9A1E7A4F7556}") = "Tyuiu.NovikovAA.Sprint1.Task0.V17", "Tyuiu.NovikovAA.Sprint1.Task0.V17\Tyuiu.NovikovAA.Sprint1.Task0.V17.csproj", "{D03AA556-9A34-4CFA-BE01-D981DA182C80}"
EndProject
Project("{9A19103F-16F7-4668-BE54-9A1E7A4F7556}") = "Tyuiu.NovikovAA.Sprint1.Task0.V17.Lib", "Tyuiu.NovikovAA.Sprint1.Task0.V17.Lib\Tyuiu.NovikovAA.Sprint1.Task0.V17.Lib.csproj", "{9C050585-98E1-4C50-8A27-77208C6E543E}"
EndProject
Project("{9A19103F-16F7-4668-BE54-9A1E7A4F7556}") = "Tyuiu.NovikovAA.Sprint1.Task0.V17.Test", "Tyuiu.NovikovAA.Sprint1.Task0.V17.Test\Tyuiu.NovikovAA.Sprint1.Task0.V17.Test.csproj", "{3EF3C1E2-AA81-4D5A-9D10-71C0873CFC29}"
EndProject
Project("{2150E333-8FDC-42A3-9474-1A3956D46DE8}") = "Task1", "Task1", "{A2A650E4-3E9A-4714-B2C3-C5184148AF48}"
EndProject
Project("{9A19103F-16F7-4668-BE54-9A1E7A4F7556}") = "Tyuiu.NovikovAA.Sprint1.Task1.V6", "Tyuiu.NovikovAA.Sprint1.Task1.V6\Tyuiu.NovikovAA.Sprint1.Task1.V6.csproj", "{FFA46622-1983-4960-B9AB-2E894105D12E}"
EndProject
Project("{9A19103F-16F7-4668-BE54-9A1E7A4F7556}") = "Tyuiu.NovikovAA.Sprint1.Task1.V6.Test", "Tyuiu.NovikovAA.Sprint1.Task1.V6.Test\Tyuiu.NovikovAA.Sprint1.Task1.V6.Test.csproj", "{BABEE1E7-B8F2-4263-A56A-A932E6B91F37}"
EndProject
Project("{9A19103F-16F7-4668-BE54-9A1E7A4F7556}") = "Tyuiu.NovikovAA.Sprint1.Task1.V6.Lib", "Tyuiu.NovikovAA.Sprint1.Task1.V6.Lib\Tyuiu.NovikovAA.Sprint1.Task1.V6.Lib.csproj", "{D3910A52-6399-4C1A-9AFB-2BB81699E67D}"
EndProject
Project("{2150E333-8FDC-42A3-9474-1A3956D46DE8}") = "Task2", "Task2", "{6D6ED789-F24F-4312-A5CA-0666082322D1}"
EndProject
Project("{9A19103F-16F7-4668-BE54-9A1E7A4F7556}") = "Tyuiu.NovikovAA.Sprint1.Task2.V8", "Tyuiu.NovikovAA.Sprint1.Task2.V8\Tyuiu.NovikovAA.Sprint1.Task2.V8.csproj", "{B33B7041-D3C9-47F1-90AA-10A1DDFAF2F6}"
EndProject
Project("{9A19103F-16F7-4668-BE54-9A1E7A4F7556}") = "Tyuiu.NovikovAA.Sprint1.Task2.V8.Test", "Tyuiu.NovikovAA.Sprint1.Task2.V8.Test\Tyuiu.NovikovAA.Sprint1.Task2.V8.Test.csproj", "{D05BB260-E3FB-4B15-A7CC-0E6CB446F47E}"
EndProject
Project("{9A19103F-16F7-4668-BE54-9A1E7A4F7556}") = "Tyuiu.NovikovAA.Sprint1.Task2.V8.Lib", "Tyuiu.NovikovAA.Sprint1.Task2.V8.Lib\Tyuiu.NovikovAA.Sprint1.Task2.V8.Lib.csproj", "{8CB397B1-8A29-4CCE-BB1C-4049A83A6899}"
EndProject
Project("{2150E333-8FDC-42A3-9474-1A3956D46DE8}") = "Task3", "Task3", "{7BE4B094-150C-4B45-B5BC-79CFC4C4E6F6}"
EndProject
Project("{9A19103F-16F7-4668-BE54-9A1E7A4F7556}") = "Tyuiu.NovikovAA.Sprint1.Task3.V12", "Tyuiu.NovikovAA.Sprint1.Task3.V12\Tyuiu.NovikovAA.Sprint1.Task3.V12.csproj", "{4CE9CAD4-A06E-437B-8E3C-BB16DC9336B7}"
EndProject
Project("{9A19103F-16F7-4668-BE54-9A1E7A4F7556}") = "Tyuiu.NovikovAA.Sprint1.Task3.V12.Lib", "Tyuiu.NovikovAA.Sprint1.Task3.V12.Lib\Tyuiu.NovikovAA.Sprint1.Task3.V12.Lib.csproj", "{41D75948-0F1A-4195-B2CF-7CB27D541368}"
EndProject
Project("{9A19103F-16F7-4668-BE54-9A1E7A4F7556}") = "Tyuiu.NovikovAA.Sprint1.Task3.V12.Test", "Tyuiu.NovikovAA.Sprint1.Task3.V12.Test\Tyuiu.NovikovAA.Sprint1.Task3.V12.Test.csproj", "{1E97C564-72A5-49F9-BD80-CE04F75220A1}"
EndProject
Project("{2150E333-8FDC-42A3-9474-1A3956D46DE8}") = "Task4", "Task4", "{9AB345BA-10D9-4D3D-A83A-C3105600C103}"
EndProject
Project("{FAE04EC0-301F-11D3-BF4B-00C04F79EFBC}") = "Tyuiu.NovikovAA.Sprint1.Task4.V9", "Tyuiu.NovikovAA.Sprint1.Task4.V9\Tyuiu.NovikovAA.Sprint1.Task4.V9.csproj", "{2AA07007-E1F6-4D93-889A-E2FBC1B2C55D}"
EndProject
Project("{FAE04EC0-301F-11D3-BF4B-00C04F79EFBC}") = "Tyuiu.NovikovAA.Sprint1.Task4.V9.Lib", "Tyuiu.NovikovAA.Sprint1.Task4.V9.Lib\Tyuiu.NovikovAA.Sprint1.Task4.V9.Lib.csproj", "{EFCD8050-554D-4177-AF90-D6051A027F09}"
EndProject
Project("{FAE04EC0-301F-11D3-BF4B-00C04F79EFBC}") = "Tyuiu.NovikovAA.Sprint1.Task4.V9.Test", "Tyuiu.NovikovAA.Sprint1.Task4.V9.Test\Tyuiu.NovikovAA.Sprint1.Task4.V9.Test.csproj", "{050D7550-9801-490D-9F32-0D0C3736EBED}"
EndProject
Project("{2150E333-8FDC-42A3-9474-1A3956D46DE8}") = "Task5", "Task5", "{E5590502-FA83-4D50-9A70-AB33B0080E47}"
EndProject
Project("{FAE04EC0-301F-11D3-BF4B-00C04F79EFBC}") = "Tyuiu.NovikovAA.Sprint1.Task5.V1", "Tyuiu.NovikovAA.Sprint1.Task5.V1\Tyuiu.NovikovAA.Sprint1.Task5.V1.csproj", "{BBA6FE66-C0C1-46A2-A909-4CCCB773352B}"
EndProject
Project("{FAE04EC0-301F-11D3-BF4B-00C04F79EFBC}") = "Tyuiu.NovikovAA.Sprint1.Task5.V1.Lib", "Tyuiu.NovikovAA.Sprint1.Task5.V1.Lib\Tyuiu.NovikovAA.Sprint1.Task5.V1.Lib.csproj", "{3932C4E9-5BAC-48F7-9C6A-7346A1D4025E}"
EndProject
Project("{FAE04EC0-301F-11D3-BF4B-00C04F79EFBC}") = "Tyuiu.NovikovAA.Sprint1.Task5.V1.Test", "Tyuiu.NovikovAA.Sprint1.Task5.V1.Test\Tyuiu.NovikovAA.Sprint1.Task5.V1.Test.csproj", "{6BEE01C2-A8D0-4F5B-8362-10015F6E12A3}"
EndProject
Project("{2150E333-8FDC-42A3-9474-1A3956D46DE8}") = "Task6", "Task6", "{D404AFD5-48DF-4AF3-BACD-1F70F5C0BCD8}"
EndProject
Project("{FAE04EC0-301F-11D3-BF4B-00C04F79EFBC}") = "Tyuiu.NovikovAA.Sprint1.Task6.V4", "Tyuiu.NovikovAA.Sprint1.Task6.V4\Tyuiu.NovikovAA.Sprint1.Task6.V4.csproj", "{F9DA87DD-43F3-4AFD-9CD1-32D4117A5D48}"
EndProject
Project("{FAE04EC0-301F-11D3-BF4B-00C04F79EFBC}") = "Tyuiu.NovikovAA.Sprint1.Task6.V4.Lib", "Tyuiu.NovikovAA.Sprint1.Task6.V4.Lib\Tyuiu.NovikovAA.Sprint1.Task6.V4.Lib.csproj", "{A6C076D7-EC8D-4899-8736-C0F12A44BF96}"
EndProject
Project("{FAE04EC0-301F-11D3-BF4B-00C04F79EFBC}") = "Tyuiu.NovikovAA.Sprint1.Task6.V4.Test", "Tyuiu.NovikovAA.Sprint1.Task6.V4.Test\Tyuiu.NovikovAA.Sprint1.Task6.V4.Test.csproj", "{59DD46C7-03F9-494B-BC23-24A6D4B79787}"
EndProject
Global
	GlobalSection(SolutionConfigurationPlatforms) = preSolution
		Debug|Any CPU = Debug|Any CPU
		Release|Any CPU = Release|Any CPU
	EndGlobalSection
	GlobalSection(ProjectConfigurationPlatforms) = postSolution
		{D03AA556-9A34-4CFA-BE01-D981DA182C80}.Debug|Any CPU.ActiveCfg = Debug|Any CPU
		{D03AA556-9A34-4CFA-BE01-D981DA182C80}.Debug|Any CPU.Build.0 = Debug|Any CPU
		{D03AA556-9A34-4CFA-BE01-D981DA182C80}.Release|Any CPU.ActiveCfg = Release|Any CPU
		{D03AA556-9A34-4CFA-BE01-D981DA182C80}.Release|Any CPU.Build.0 = Release|Any CPU
		{9C050585-98E1-4C50-8A27-77208C6E543E}.Debug|Any CPU.ActiveCfg = Debug|Any CPU
		{9C050585-98E1-4C50-8A27-77208C6E543E}.Debug|Any CPU.Build.0 = Debug|Any CPU
		{9C050585-98E1-4C50-8A27-77208C6E543E}.Release|Any CPU.ActiveCfg = Release|Any CPU
		{9C050585-98E1-4C50-8A27-77208C6E543E}.Release|Any CPU.Build.0 = Release|Any CPU
		{3EF3C1E2-AA81-4D5A-9D10-71C0873CFC29}.Debug|Any CPU.ActiveCfg = Debug|Any CPU
		{3EF3C1E2-AA81-4D5A-9D10-71C0873CFC29}.Debug|Any CPU.Build.0 = Debug|Any CPU
		{3EF3C1E2-AA81-4D5A-9D10-71C0873CFC29}.Release|Any CPU.ActiveCfg = Release|Any CPU
		{3EF3C1E2-AA81-4D5A-9D10-71C0873CFC29}.Release|Any CPU.Build.0 = Release|Any CPU
		{FFA46622-1983-4960-B9AB-2E894105D12E}.Debug|Any CPU.ActiveCfg = Debug|Any CPU
		{FFA46622-1983-4960-B9AB-2E894105D12E}.Debug|Any CPU.Build.0 = Debug|Any CPU
		{FFA46622-1983-4960-B9AB-2E894105D12E}.Release|Any CPU.ActiveCfg = Release|Any CPU
		{FFA46622-1983-4960-B9AB-2E894105D12E}.Release|Any CPU.Build.0 = Release|Any CPU
		{BABEE1E7-B8F2-4263-A56A-A932E6B91F37}.Debug|Any CPU.ActiveCfg = Debug|Any CPU
		{BABEE1E7-B8F2-4263-A56A-A932E6B91F37}.Debug|Any CPU.Build.0 = Debug|Any CPU
		{BABEE1E7-B8F2-4263-A56A-A932E6B91F37}.Release|Any CPU.ActiveCfg = Release|Any CPU
		{BABEE1E7-B8F2-4263-A56A-A932E6B91F37}.Release|Any CPU.Build.0 = Release|Any CPU
		{D3910A52-6399-4C1A-9AFB-2BB81699E67D}.Debug|Any CPU.ActiveCfg = Debug|Any CPU
		{D3910A52-6399-4C1A-9AFB-2BB81699E67D}.Debug|Any CPU.Build.0 = Debug|Any CPU
		{D3910A52-6399-4C1A-9AFB-2BB81699E67D}.Release|Any CPU.ActiveCfg = Release|Any CPU
		{D3910A52-6399-4C1A-9AFB-2BB81699E67D}.Release|Any CPU.Build.0 = Release|Any CPU
		{B33B7041-D3C9-47F1-90AA-10A1DDFAF2F6}.Debug|Any CPU.ActiveCfg = Debug|Any CPU
		{B33B7041-D3C9-47F1-90AA-10A1DDFAF2F6}.Debug|Any CPU.Build.0 = Debug|Any CPU
		{B33B7041-D3C9-47F1-90AA-10A1DDFAF2F6}.Release|Any CPU.ActiveCfg = Release|Any CPU
		{B33B7041-D3C9-47F1-90AA-10A1DDFAF2F6}.Release|Any CPU.Build.0 = Release|Any CPU
		{D05BB260-E3FB-4B15-A7CC-0E6CB446F47E}.Debug|Any CPU.ActiveCfg = Debug|Any CPU
		{D05BB260-E3FB-4B15-A7CC-0E6CB446F47E}.Debug|Any CPU.Build.0 = Debug|Any CPU
		{D05BB260-E3FB-4B15-A7CC-0E6CB446F47E}.Release|Any CPU.ActiveCfg = Release|Any CPU
		{D05BB260-E3FB-4B15-A7CC-0E6CB446F47E}.Release|Any CPU.Build.0 = Release|Any CPU
		{8CB397B1-8A29-4CCE-BB1C-4049A83A6899}.Debug|Any CPU.ActiveCfg = Debug|Any CPU
		{8CB397B1-8A29-4CCE-BB1C-4049A83A6899}.Debug|Any CPU.Build.0 = Debug|Any CPU
		{8CB397B1-8A29-4CCE-BB1C-4049A83A6899}.Release|Any CPU.ActiveCfg = Release|Any CPU
		{8CB397B1-8A29-4CCE-BB1C-4049A83A6899}.Release|Any CPU.Build.0 = Release|Any CPU
		{4CE9CAD4-A06E-437B-8E3C-BB16DC9336B7}.Debug|Any CPU.ActiveCfg = Debug|Any CPU
		{4CE9CAD4-A06E-437B-8E3C-BB16DC9336B7}.Debug|Any CPU.Build.0 = Debug|Any CPU
		{4CE9CAD4-A06E-437B-8E3C-BB16DC9336B7}.Release|Any CPU.ActiveCfg = Release|Any CPU
		{4CE9CAD4-A06E-437B-8E3C-BB16DC9336B7}.Release|Any CPU.Build.0 = Release|Any CPU
		{41D75948-0F1A-4195-B2CF-7CB27D541368}.Debug|Any CPU.ActiveCfg = Debug|Any CPU
		{41D75948-0F1A-4195-B2CF-7CB27D541368}.Debug|Any CPU.Build.0 = Debug|Any CPU
		{41D75948-0F1A-4195-B2CF-7CB27D541368}.Release|Any CPU.ActiveCfg = Release|Any CPU
		{41D75948-0F1A-4195-B2CF-7CB27D541368}.Release|Any CPU.Build.0 = Release|Any CPU
		{1E97C564-72A5-49F9-BD80-CE04F75220A1}.Debug|Any CPU.ActiveCfg = Debug|Any CPU
		{1E97C564-72A5-49F9-BD80-CE04F75220A1}.Debug|Any CPU.Build.0 = Debug|Any CPU
		{1E97C564-72A5-49F9-BD80-CE04F75220A1}.Release|Any CPU.ActiveCfg = Release|Any CPU
		{1E97C564-72A5-49F9-BD80-CE04F75220A1}.Release|Any CPU.Build.0 = Release|Any CPU
		{2AA07007-E1F6-4D93-889A-E2FBC1B2C55D}.Debug|Any CPU.ActiveCfg = Debug|Any CPU
		{2AA07007-E1F6-4D93-889A-E2FBC1B2C55D}.Debug|Any CPU.Build.0 = Debug|Any CPU
		{2AA07007-E1F6-4D93-889A-E2FBC1B2C55D}.Release|Any CPU.ActiveCfg = Release|Any CPU
		{2AA07007-E1F6-4D93-889A-E2FBC1B2C55D}.Release|Any CPU.Build.0 = Release|Any CPU
		{EFCD8050-554D-4177-AF90-D6051A027F09}.Debug|Any CPU.ActiveCfg = Debug|Any CPU
		{EFCD8050-554D-4177-AF90-D6051A027F09}.Debug|Any CPU.Build.0 = Debug|Any CPU
		{EFCD8050-554D-4177-AF90-D6051A027F09}.Release|Any CPU.ActiveCfg = Release|Any CPU
		{EFCD8050-554D-4177-AF90-D6051A027F09}.Release|Any CPU.Build.0 = Release|Any CPU
		{050D7550-9801-490D-9F32-0D0C3736EBED}.Debug|Any CPU.ActiveCfg = Debug|Any CPU
		{050D7550-9801-490D-9F32-0D0C3736EBED}.Debug|Any CPU.Build.0 = Debug|Any CPU
		{050D7550-9801-490D-9F32-0D0C3736EBED}.Release|Any CPU.ActiveCfg = Release|Any CPU
		{050D7550-9801-490D-9F32-0D0C3736EBED}.Release|Any CPU.Build.0 = Release|Any CPU
		{BBA6FE66-C0C1-46A2-A909-4CCCB773352B}.Debug|Any CPU.ActiveCfg = Debug|Any CPU
		{BBA6FE66-C0C1-46A2-A909-4CCCB773352B}.Debug|Any CPU.Build.0 = Debug|Any CPU
		{BBA6FE66-C0C1-46A2-A909-4CCCB773352B}.Release|Any CPU.ActiveCfg = Release|Any CPU
		{BBA6FE66-C0C1-46A2-A909-4CCCB773352B}.Release|Any CPU.Build.0 = Release|Any CPU
		{3932C4E9-5BAC-48F7-9C6A-7346A1D4025E}.Debug|Any CPU.ActiveCfg = Debug|Any CPU
		{3932C4E9-5BAC-48F7-9C6A-7346A1D4025E}.Debug|Any CPU.Build.0 = Debug|Any CPU
		{3932C4E9-5BAC-48F7-9C6A-7346A1D4025E}.Release|Any CPU.ActiveCfg = Release|Any CPU
		{3932C4E9-5BAC-48F7-9C6A-7346A1D4025E}.Release|Any CPU.Build.0 = Release|Any CPU
		{6BEE01C2-A8D0-4F5B-8362-10015F6E12A3}.Debug|Any CPU.ActiveCfg = Debug|Any CPU
		{6BEE01C2-A8D0-4F5B-8362-10015F6E12A3}.Debug|Any CPU.Build.0 = Debug|Any CPU
		{6BEE01C2-A8D0-4F5B-8362-10015F6E12A3}.Release|Any CPU.ActiveCfg = Release|Any CPU
		{6BEE01C2-A8D0-4F5B-8362-10015F6E12A3}.Release|Any CPU.Build.0 = Release|Any CPU
		{F9DA87DD-43F3-4AFD-9CD1-32D4117A5D48}.Debug|Any CPU.ActiveCfg = Debug|Any CPU
		{F9DA87DD-43F3-4AFD-9CD1-32D4117A5D48}.Debug|Any CPU.Build.0 = Debug|Any CPU
		{F9DA87DD-43F3-4AFD-9CD1-32D4117A5D48}.Release|Any CPU.ActiveCfg = Release|Any CPU
		{F9DA87DD-43F3-4AFD-9CD1-32D4117A5D48}.Release|Any CPU.Build.0 = Release|Any CPU
		{A6C076D7-EC8D-4899-8736-C0F12A44BF96}.Debug|Any CPU.ActiveCfg = Debug|Any CPU
		{A6C076D7-EC8D-4899-8736-C0F12A44BF96}.Debug|Any CPU.Build.0 = Debug|Any CPU
		{A6C076D7-EC8D-4899-8736-C0F12A44BF96}.Release|Any CPU.ActiveCfg = Release|Any CPU
		{A6C076D7-EC8D-4899-8736-C0F12A44BF96}.Release|Any CPU.Build.0 = Release|Any CPU
		{59DD46C7-03F9-494B-BC23-24A6D4B79787}.Debug|Any CPU.ActiveCfg = Debug|Any CPU
		{59DD46C7-03F9-494B-BC23-24A6D4B79787}.Debug|Any CPU.Build.0 = Debug|Any CPU
		{59DD46C7-03F9-494B-BC23-24A6D4B79787}.Release|Any CPU.ActiveCfg = Release|Any CPU
		{59DD46C7-03F9-494B-BC23-24A6D4B79787}.Release|Any CPU.Build.0 = Release|Any CPU
	EndGlobalSection
	GlobalSection(SolutionProperties) = preSolution
		HideSolutionNode = FALSE
	EndGlobalSection
	GlobalSection(NestedProjects) = preSolution
		{D03AA556-9A34-4CFA-BE01-D981DA182C80} = {A553DFEB-D567-4A4B-8006-A09573C37C4F}
		{9C050585-98E1-4C50-8A27-77208C6E543E} = {A553DFEB-D567-4A4B-8006-A09573C37C4F}
		{3EF3C1E2-AA81-4D5A-9D10-71C0873CFC29} = {A553DFEB-D567-4A4B-8006-A09573C37C4F}
		{FFA46622-1983-4960-B9AB-2E894105D12E} = {A2A650E4-3E9A-4714-B2C3-C5184148AF48}
		{BABEE1E7-B8F2-4263-A56A-A932E6B91F37} = {A2A650E4-3E9A-4714-B2C3-C5184148AF48}
		{D3910A52-6399-4C1A-9AFB-2BB81699E67D} = {A2A650E4-3E9A-4714-B2C3-C5184148AF48}
		{B33B7041-D3C9-47F1-90AA-10A1DDFAF2F6} = {6D6ED789-F24F-4312-A5CA-0666082322D1}
		{D05BB260-E3FB-4B15-A7CC-0E6CB446F47E} = {6D6ED789-F24F-4312-A5CA-0666082322D1}
		{8CB397B1-8A29-4CCE-BB1C-4049A83A6899} = {6D6ED789-F24F-4312-A5CA-0666082322D1}
		{4CE9CAD4-A06E-437B-8E3C-BB16DC9336B7} = {7BE4B094-150C-4B45-B5BC-79CFC4C4E6F6}
		{41D75948-0F1A-4195-B2CF-7CB27D541368} = {7BE4B094-150C-4B45-B5BC-79CFC4C4E6F6}
		{1E97C564-72A5-49F9-BD80-CE04F75220A1} = {7BE4B094-150C-4B45-B5BC-79CFC4C4E6F6}
		{2AA07007-E1F6-4D93-889A-E2FBC1B2C55D} = {9AB345BA-10D9-4D3D-A83A-C3105600C103}
		{EFCD8050-554D-4177-AF90-D6051A027F09} = {9AB345BA-10D9-4D3D-A83A-C3105600C103}
		{050D7550-9801-490D-9F32-0D0C3736EBED} = {9AB345BA-10D9-4D3D-A83A-C3105600C103}
		{BBA6FE66-C0C1-46A2-A909-4CCCB773352B} = {E5590502-FA83-4D50-9A70-AB33B0080E47}
		{3932C4E9-5BAC-48F7-9C6A-7346A1D4025E} = {E5590502-FA83-4D50-9A70-AB33B0080E47}
		{6BEE01C2-A8D0-4F5B-8362-10015F6E12A3} = {E5590502-FA83-4D50-9A70-AB33B0080E47}
		{F9DA87DD-43F3-4AFD-9CD1-32D4117A5D48} = {D404AFD5-48DF-4AF3-BACD-1F70F5C0BCD8}
		{A6C076D7-EC8D-4899-8736-C0F12A44BF96} = {D404AFD5-48DF-4AF3-BACD-1F70F5C0BCD8}
		{59DD46C7-03F9-494B-BC23-24A6D4B79787} = {D404AFD5-48DF-4AF3-BACD-1F70F5C0BCD8}
	EndGlobalSection
	GlobalSection(ExtensibilityGlobals) = postSolution
		SolutionGuid = {8377B62C-16E1-40F8-9EB6-36B40A2CE5CA}
	EndGlobalSection
EndGlobal
