
Microsoft Visual Studio Solution File, Format Version 12.00
# Visual Studio Version 17
VisualStudioVersion = 17.11.35303.130
MinimumVisualStudioVersion = 10.0.40219.1
Project("{2150E333-8FDC-42A3-9474-1A3956D46DE8}") = "Task0", "Task0", "{A553DFEB-D567-4A4B-8006-A09573C37C4F}"
EndProject
Project("{FAE04EC0-301F-11D3-BF4B-00C04F79EFBC}") = "Tyuiu.NovikovAA.Sprint1.Task0.V17", "Tyuiu.NovikovAA.Sprint1.Task0.V17\Tyuiu.NovikovAA.Sprint1.Task0.V17.csproj", "{D03AA556-9A34-4CFA-BE01-D981DA182C80}"
EndProject
Project("{FAE04EC0-301F-11D3-BF4B-00C04F79EFBC}") = "Tyuiu.NovikovAA.Sprint1.Task0.V17.Lib", "Tyuiu.NovikovAA.Sprint1.Task0.V17.Lib\Tyuiu.NovikovAA.Sprint1.Task0.V17.Lib.csproj", "{9C050585-98E1-4C50-8A27-77208C6E543E}"
EndProject
Project("{FAE04EC0-301F-11D3-BF4B-00C04F79EFBC}") = "Tyuiu.NovikovAA.Sprint1.Task0.V17.Test", "Tyuiu.NovikovAA.Sprint1.Task0.V17.Test\Tyuiu.NovikovAA.Sprint1.Task0.V17.Test.csproj", "{3EF3C1E2-AA81-4D5A-9D10-71C0873CFC29}"
EndProject
Project("{2150E333-8FDC-42A3-9474-1A3956D46DE8}") = "Task1", "Task1", "{A2A650E4-3E9A-4714-B2C3-C5184148AF48}"
EndProject
Project("{FAE04EC0-301F-11D3-BF4B-00C04F79EFBC}") = "Tyuiu.NovikovAA.Sprint1.Task1.V6", "Tyuiu.NovikovAA.Sprint1.Task1.V6\Tyuiu.NovikovAA.Sprint1.Task1.V6.csproj", "{FFA46622-1983-4960-B9AB-2E894105D12E}"
EndProject
Project("{FAE04EC0-301F-11D3-BF4B-00C04F79EFBC}") = "Tyuiu.NovikovAA.Sprint1.Task1.V6.Test", "Tyuiu.NovikovAA.Sprint1.Task1.V6.Test\Tyuiu.NovikovAA.Sprint1.Task1.V6.Test.csproj", "{BABEE1E7-B8F2-4263-A56A-A932E6B91F37}"
EndProject
Project("{FAE04EC0-301F-11D3-BF4B-00C04F79EFBC}") = "Tyuiu.NovikovAA.Sprint1.Task1.V6.Lib", "Tyuiu.NovikovAA.Sprint1.Task1.V6.Lib\Tyuiu.NovikovAA.Sprint1.Task1.V6.Lib.csproj", "{D3910A52-6399-4C1A-9AFB-2BB81699E67D}"
EndProject
Global
	GlobalSection(SolutionConfigurationPlatforms) = preSolution
		Debug|Any CPU = Debug|Any CPU
		Release|Any CPU = Release|Any CPU
	EndGlobalSection
	GlobalSection(ProjectConfigurationPlatforms) = postSolution
		{D03AA556-9A34-4CFA-BE01-D981DA182C80}.Debug|Any CPU.ActiveCfg = Debug|Any CPU
		{D03AA556-9A34-4CFA-BE01-D981DA182C80}.Debug|Any CPU.Build.0 = Debug|Any CPU
		{D03AA556-9A34-4CFA-BE01-D981DA182C80}.Release|Any CPU.ActiveCfg = Release|Any CPU
		{D03AA556-9A34-4CFA-BE01-D981DA182C80}.Release|Any CPU.Build.0 = Release|Any CPU
		{9C050585-98E1-4C50-8A27-77208C6E543E}.Debug|Any CPU.ActiveCfg = Debug|Any CPU
		{9C050585-98E1-4C50-8A27-77208C6E543E}.Debug|Any CPU.Build.0 = Debug|Any CPU
		{9C050585-98E1-4C50-8A27-77208C6E543E}.Release|Any CPU.ActiveCfg = Release|Any CPU
		{9C050585-98E1-4C50-8A27-77208C6E543E}.Release|Any CPU.Build.0 = Release|Any CPU
		{3EF3C1E2-AA81-4D5A-9D10-71C0873CFC29}.Debug|Any CPU.ActiveCfg = Debug|Any CPU
		{3EF3C1E2-AA81-4D5A-9D10-71C0873CFC29}.Debug|Any CPU.Build.0 = Debug|Any CPU
		{3EF3C1E2-AA81-4D5A-9D10-71C0873CFC29}.Release|Any CPU.ActiveCfg = Release|Any CPU
		{3EF3C1E2-AA81-4D5A-9D10-71C0873CFC29}.Release|Any CPU.Build.0 = Release|Any CPU
		{FFA46622-1983-4960-B9AB-2E894105D12E}.Debug|Any CPU.ActiveCfg = Debug|Any CPU
		{FFA46622-1983-4960-B9AB-2E894105D12E}.Debug|Any CPU.Build.0 = Debug|Any CPU
		{FFA46622-1983-4960-B9AB-2E894105D12E}.Release|Any CPU.ActiveCfg = Release|Any CPU
		{FFA46622-1983-4960-B9AB-2E894105D12E}.Release|Any CPU.Build.0 = Release|Any CPU
		{BABEE1E7-B8F2-4263-A56A-A932E6B91F37}.Debug|Any CPU.ActiveCfg = Debug|Any CPU
		{BABEE1E7-B8F2-4263-A56A-A932E6B91F37}.Debug|Any CPU.Build.0 = Debug|Any CPU
		{BABEE1E7-B8F2-4263-A56A-A932E6B91F37}.Release|Any CPU.ActiveCfg = Release|Any CPU
		{BABEE1E7-B8F2-4263-A56A-A932E6B91F37}.Release|Any CPU.Build.0 = Release|Any CPU
		{D3910A52-6399-4C1A-9AFB-2BB81699E67D}.Debug|Any CPU.ActiveCfg = Debug|Any CPU
		{D3910A52-6399-4C1A-9AFB-2BB81699E67D}.Debug|Any CPU.Build.0 = Debug|Any CPU
		{D3910A52-6399-4C1A-9AFB-2BB81699E67D}.Release|Any CPU.ActiveCfg = Release|Any CPU
		{D3910A52-6399-4C1A-9AFB-2BB81699E67D}.Release|Any CPU.Build.0 = Release|Any CPU
	EndGlobalSection
	GlobalSection(SolutionProperties) = preSolution
		HideSolutionNode = FALSE
	EndGlobalSection
	GlobalSection(NestedProjects) = preSolution
		{D03AA556-9A34-4CFA-BE01-D981DA182C80} = {A553DFEB-D567-4A4B-8006-A09573C37C4F}
		{9C050585-98E1-4C50-8A27-77208C6E543E} = {A553DFEB-D567-4A4B-8006-A09573C37C4F}
		{3EF3C1E2-AA81-4D5A-9D10-71C0873CFC29} = {A553DFEB-D567-4A4B-8006-A09573C37C4F}
		{FFA46622-1983-4960-B9AB-2E894105D12E} = {A2A650E4-3E9A-4714-B2C3-C5184148AF48}
		{BABEE1E7-B8F2-4263-A56A-A932E6B91F37} = {A2A650E4-3E9A-4714-B2C3-C5184148AF48}
		{D3910A52-6399-4C1A-9AFB-2BB81699E67D} = {A2A650E4-3E9A-4714-B2C3-C5184148AF48}
	EndGlobalSection
	GlobalSection(ExtensibilityGlobals) = postSolution
		SolutionGuid = {8377B62C-16E1-40F8-9EB6-36B40A2CE5CA}
	EndGlobalSection
EndGlobal
